
Microsoft Visual Studio Solution File, Format Version 12.00
# Visual Studio 15
VisualStudioVersion = 15.0.28010.2003
MinimumVisualStudioVersion = 10.0.40219.1
Project("{FAE04EC0-301F-11D3-BF4B-00C04F79EFBC}") = "Senai.SAEP.Sisdef", "Senai.SAEP.Sisdef\Senai.SAEP.Sisdef.csproj", "{430DC7C8-1132-4D47-A6E4-1A58F3F9E2BB}"
EndProject
Global
	GlobalSection(SolutionConfigurationPlatforms) = preSolution
		Debug|Any CPU = Debug|Any CPU
		Release|Any CPU = Release|Any CPU
	EndGlobalSection
	GlobalSection(ProjectConfigurationPlatforms) = postSolution
		{430DC7C8-1132-4D47-A6E4-1A58F3F9E2BB}.Debug|Any CPU.ActiveCfg = Debug|Any CPU
		{430DC7C8-1132-4D47-A6E4-1A58F3F9E2BB}.Debug|Any CPU.Build.0 = Debug|Any CPU
		{430DC7C8-1132-4D47-A6E4-1A58F3F9E2BB}.Release|Any CPU.ActiveCfg = Release|Any CPU
		{430DC7C8-1132-4D47-A6E4-1A58F3F9E2BB}.Release|Any CPU.Build.0 = Release|Any CPU
	EndGlobalSection
	GlobalSection(SolutionProperties) = preSolution
		HideSolutionNode = FALSE
	EndGlobalSection
	GlobalSection(ExtensibilityGlobals) = postSolution
		SolutionGuid = {EE607B5F-9E87-48FC-A3C5-6CA286BA9C0B}
	EndGlobalSection
EndGlobal
